dependencies:
  LED:
    component_hash: f0b813ad0cc12447bf0ad655b28e4c0726a3bd655b40360a770ef8b750e70e67
    source:
      git: https://github.com/Sorawit255/LED_Test.git
      path: components/LED
      type: git
    version: 24c7d6c9f805e3cf2d27a57de2eca915bfabd757
  idf:
    component_hash: null
    source:
      type: idf
    version: 5.2.2
manifest_hash: 1564219d23b61c2275712822e15de65e3dc757ef356468820136732947407ba1
target: esp32
version: 1.0.0
